// !$*UTF8*$!
{
	archiveVersion = 1;
	classes = {
	};
	objectVersion = 55;
	objects = {

/* Begin PBXBuildFile section */
		652CF0CF27E1AC100088C09F /* AppDelegate.swift in Sources */ = {isa = PBXBuildFile; fileRef = 652CF0CE27E1AC100088C09F /* AppDelegate.swift */; };
		652CF0D127E1AC100088C09F /* SceneDelegate.swift in Sources */ = {isa = PBXBuildFile; fileRef = 652CF0D027E1AC100088C09F /* SceneDelegate.swift */; };
		652CF0D327E1AC100088C09F /* ViewController.swift in Sources */ = {isa = PBXBuildFile; fileRef = 652CF0D227E1AC100088C09F /* ViewController.swift */; };
		652CF0D627E1AC100088C09F /* Main.storyboard in Resources */ = {isa = PBXBuildFile; fileRef = 652CF0D427E1AC100088C09F /* Main.storyboard */; };
		652CF0D827E1AC100088C09F /* Assets.xcassets in Resources */ = {isa = PBXBuildFile; fileRef = 652CF0D727E1AC100088C09F /* Assets.xcassets */; };
		652CF0DB27E1AC100088C09F /* LaunchScreen.storyboard in Resources */ = {isa = PBXBuildFile; fileRef = 652CF0D927E1AC100088C09F /* LaunchScreen.storyboard */; };
		652CF0E627E1AC110088C09F /* CustomSlideShowTests.swift in Sources */ = {isa = PBXBuildFile; fileRef = 652CF0E527E1AC110088C09F /* CustomSlideShowTests.swift */; };
		652CF0F027E1AC110088C09F /* CustomSlideShowUITests.swift in Sources */ = {isa = PBXBuildFile; fileRef = 652CF0EF27E1AC110088C09F /* CustomSlideShowUITests.swift */; };
		652CF0F227E1AC110088C09F /* CustomSlideShowUITestsLaunchTests.swift in Sources */ = {isa = PBXBuildFile; fileRef = 652CF0F127E1AC110088C09F /* CustomSlideShowUITestsLaunchTests.swift */; };
		652CF10027E1ACD20088C09F /* ImageCollectionCell.swift in Sources */ = {isa = PBXBuildFile; fileRef = 652CF0FE27E1ACD10088C09F /* ImageCollectionCell.swift */; };
		652CF10127E1ACD20088C09F /* ImageCollectionCell.xib in Resources */ = {isa = PBXBuildFile; fileRef = 652CF0FF27E1ACD10088C09F /* ImageCollectionCell.xib */; };
		652CF10427E1D9820088C09F /* MediaCollectionCell.swift in Sources */ = {isa = PBXBuildFile; fileRef = 652CF10227E1D9820088C09F /* MediaCollectionCell.swift */; };
		652CF10527E1D9820088C09F /* MediaCollectionCell.xib in Resources */ = {isa = PBXBuildFile; fileRef = 652CF10327E1D9820088C09F /* MediaCollectionCell.xib */; };
		652CF10A27E2C6DA0088C09F /* SnapKit in Frameworks */ = {isa = PBXBuildFile; productRef = 652CF10927E2C6DA0088C09F /* SnapKit */; };
		652CF10C27E2D3A10088C09F /* PlayerView.swift in Sources */ = {isa = PBXBuildFile; fileRef = 652CF10B27E2D3A10088C09F /* PlayerView.swift */; };
		652CF10E27E328870088C09F /* MediaSlideShow.swift in Sources */ = {isa = PBXBuildFile; fileRef = 652CF10D27E328870088C09F /* MediaSlideShow.swift */; };
		652CF11027E3290F0088C09F /* NibOwnerLoadable.swift in Sources */ = {isa = PBXBuildFile; fileRef = 652CF10F27E3290F0088C09F /* NibOwnerLoadable.swift */; };
		652CF11427E32BA40088C09F /* DemoVC.swift in Sources */ = {isa = PBXBuildFile; fileRef = 652CF11327E32BA40088C09F /* DemoVC.swift */; };
		652CF11727E810450088C09F /* Schedule in Frameworks */ = {isa = PBXBuildFile; productRef = 652CF11627E810450088C09F /* Schedule */; };
		652CF11927E8450D0088C09F /* FileDownloader.swift in Sources */ = {isa = PBXBuildFile; fileRef = 652CF11827E8450D0088C09F /* FileDownloader.swift */; };
		652CF11C27E85BC40088C09F /* SDWebImage in Frameworks */ = {isa = PBXBuildFile; productRef = 652CF11B27E85BC40088C09F /* SDWebImage */; };
		652CF11E27E967760088C09F /* StackMediaCollectionCell.swift in Sources */ = {isa = PBXBuildFile; fileRef = 652CF11D27E967760088C09F /* StackMediaCollectionCell.swift */; };
		652CF12427E9717B0088C09F /* StackMediaCollectionCell.xib in Resources */ = {isa = PBXBuildFile; fileRef = 652CF12227E9717B0088C09F /* StackMediaCollectionCell.xib */; };
/* End PBXBuildFile section */

/* Begin PBXContainerItemProxy section */
		652CF0E227E1AC110088C09F /* PBXContainerItemProxy */ = {
			isa = PBXContainerItemProxy;
			containerPortal = 652CF0C327E1AC100088C09F /* Project object */;
			proxyType = 1;
			remoteGlobalIDString = 652CF0CA27E1AC100088C09F;
			remoteInfo = CustomSlideShow;
		};
		652CF0EC27E1AC110088C09F /* PBXContainerItemProxy */ = {
			isa = PBXContainerItemProxy;
			containerPortal = 652CF0C327E1AC100088C09F /* Project object */;
			proxyType = 1;
			remoteGlobalIDString = 652CF0CA27E1AC100088C09F;
			remoteInfo = CustomSlideShow;
		};
/* End PBXContainerItemProxy section */

/* Begin PBXFileReference section */
		652CF0CB27E1AC100088C09F /* CustomSlideShow.app */ = {isa = PBXFileReference; explicitFileType = wrapper.application; includeInIndex = 0; path = CustomSlideShow.app; sourceTree = BUILT_PRODUCTS_DIR; };
		652CF0CE27E1AC100088C09F /* AppDelegate.swift */ = {isa = PBXFileReference; lastKnownFileType = sourcecode.swift; path = AppDelegate.swift; sourceTree = "<group>"; };
		652CF0D027E1AC100088C09F /* SceneDelegate.swift */ = {isa = PBXFileReference; lastKnownFileType = sourcecode.swift; path = SceneDelegate.swift; sourceTree = "<group>"; };
		652CF0D227E1AC100088C09F /* ViewController.swift */ = {isa = PBXFileReference; lastKnownFileType = sourcecode.swift; path = ViewController.swift; sourceTree = "<group>"; };
		652CF0D527E1AC100088C09F /* Base */ = {isa = PBXFileReference; lastKnownFileType = file.storyboard; name = Base; path = Base.lproj/Main.storyboard; sourceTree = "<group>"; };
		652CF0D727E1AC100088C09F /* Assets.xcassets */ = {isa = PBXFileReference; lastKnownFileType = folder.assetcatalog; path = Assets.xcassets; sourceTree = "<group>"; };
		652CF0DA27E1AC100088C09F /* Base */ = {isa = PBXFileReference; lastKnownFileType = file.storyboard; name = Base; path = Base.lproj/LaunchScreen.storyboard; sourceTree = "<group>"; };
		652CF0DC27E1AC100088C09F /* Info.plist */ = {isa = PBXFileReference; lastKnownFileType = text.plist.xml; path = Info.plist; sourceTree = "<group>"; };
		652CF0E127E1AC110088C09F /* CustomSlideShowTests.xctest */ = {isa = PBXFileReference; explicitFileType = wrapper.cfbundle; includeInIndex = 0; path = CustomSlideShowTests.xctest; sourceTree = BUILT_PRODUCTS_DIR; };
		652CF0E527E1AC110088C09F /* CustomSlideShowTests.swift */ = {isa = PBXFileReference; lastKnownFileType = sourcecode.swift; path = CustomSlideShowTests.swift; sourceTree = "<group>"; };
		652CF0EB27E1AC110088C09F /* CustomSlideShowUITests.xctest */ = {isa = PBXFileReference; explicitFileType = wrapper.cfbundle; includeInIndex = 0; path = CustomSlideShowUITests.xctest; sourceTree = BUILT_PRODUCTS_DIR; };
		652CF0EF27E1AC110088C09F /* CustomSlideShowUITests.swift */ = {isa = PBXFileReference; lastKnownFileType = sourcecode.swift; path = CustomSlideShowUITests.swift; sourceTree = "<group>"; };
		652CF0F127E1AC110088C09F /* CustomSlideShowUITestsLaunchTests.swift */ = {isa = PBXFileReference; lastKnownFileType = sourcecode.swift; path = CustomSlideShowUITestsLaunchTests.swift; sourceTree = "<group>"; };
		652CF0FE27E1ACD10088C09F /* ImageCollectionCell.swift */ = {isa = PBXFileReference; lastKnownFileType = sourcecode.swift; path = ImageCollectionCell.swift; sourceTree = "<group>"; };
		652CF0FF27E1ACD10088C09F /* ImageCollectionCell.xib */ = {isa = PBXFileReference; lastKnownFileType = file.xib; path = ImageCollectionCell.xib; sourceTree = "<group>"; };
		652CF10227E1D9820088C09F /* MediaCollectionCell.swift */ = {isa = PBXFileReference; lastKnownFileType = sourcecode.swift; path = MediaCollectionCell.swift; sourceTree = "<group>"; };
		652CF10327E1D9820088C09F /* MediaCollectionCell.xib */ = {isa = PBXFileReference; lastKnownFileType = file.xib; path = MediaCollectionCell.xib; sourceTree = "<group>"; };
		652CF10B27E2D3A10088C09F /* PlayerView.swift */ = {isa = PBXFileReference; lastKnownFileType = sourcecode.swift; path = PlayerView.swift; sourceTree = "<group>"; };
		652CF10D27E328870088C09F /* MediaSlideShow.swift */ = {isa = PBXFileReference; lastKnownFileType = sourcecode.swift; path = MediaSlideShow.swift; sourceTree = "<group>"; };
		652CF10F27E3290F0088C09F /* NibOwnerLoadable.swift */ = {isa = PBXFileReference; fileEncoding = 4; lastKnownFileType = sourcecode.swift; path = NibOwnerLoadable.swift; sourceTree = "<group>"; };
		652CF11327E32BA40088C09F /* DemoVC.swift */ = {isa = PBXFileReference; lastKnownFileType = sourcecode.swift; path = DemoVC.swift; sourceTree = "<group>"; };
		652CF11827E8450D0088C09F /* FileDownloader.swift */ = {isa = PBXFileReference; lastKnownFileType = sourcecode.swift; path = FileDownloader.swift; sourceTree = "<group>"; };
		652CF11D27E967760088C09F /* StackMediaCollectionCell.swift */ = {isa = PBXFileReference; lastKnownFileType = sourcecode.swift; path = StackMediaCollectionCell.swift; sourceTree = "<group>"; };
		652CF12227E9717B0088C09F /* StackMediaCollectionCell.xib */ = {isa = PBXFileReference; lastKnownFileType = file.xib; path = StackMediaCollectionCell.xib; sourceTree = "<group>"; };
/* End PBXFileReference section */

/* Begin PBXFrameworksBuildPhase section */
		652CF0C827E1AC100088C09F /* Frameworks */ = {
			isa = PBXFrameworksBuildPhase;
			buildActionMask = 2147483647;
			files = (
				652CF11C27E85BC40088C09F /* SDWebImage in Frameworks */,
				652CF10A27E2C6DA0088C09F /* SnapKit in Frameworks */,
				652CF11727E810450088C09F /* Schedule in Frameworks */,
			);
			runOnlyForDeploymentPostprocessing = 0;
		};
		652CF0DE27E1AC110088C09F /* Frameworks */ = {
			isa = PBXFrameworksBuildPhase;
			buildActionMask = 2147483647;
			files = (
			);
			runOnlyForDeploymentPostprocessing = 0;
		};
		652CF0E827E1AC110088C09F /* Frameworks */ = {
			isa = PBXFrameworksBuildPhase;
			buildActionMask = 2147483647;
			files = (
			);
			runOnlyForDeploymentPostprocessing = 0;
		};
/* End PBXFrameworksBuildPhase section */

/* Begin PBXGroup section */
		652CF0C227E1AC100088C09F = {
			isa = PBXGroup;
			children = (
				652CF0CD27E1AC100088C09F /* CustomSlideShow */,
				652CF0E427E1AC110088C09F /* CustomSlideShowTests */,
				652CF0EE27E1AC110088C09F /* CustomSlideShowUITests */,
				652CF0CC27E1AC100088C09F /* Products */,
			);
			sourceTree = "<group>";
		};
		652CF0CC27E1AC100088C09F /* Products */ = {
			isa = PBXGroup;
			children = (
				652CF0CB27E1AC100088C09F /* CustomSlideShow.app */,
				652CF0E127E1AC110088C09F /* CustomSlideShowTests.xctest */,
				652CF0EB27E1AC110088C09F /* CustomSlideShowUITests.xctest */,
			);
			name = Products;
			sourceTree = "<group>";
		};
		652CF0CD27E1AC100088C09F /* CustomSlideShow */ = {
			isa = PBXGroup;
			children = (
				652CF0CE27E1AC100088C09F /* AppDelegate.swift */,
				652CF0D027E1AC100088C09F /* SceneDelegate.swift */,
				652CF0D227E1AC100088C09F /* ViewController.swift */,
				652CF10D27E328870088C09F /* MediaSlideShow.swift */,
				652CF11327E32BA40088C09F /* DemoVC.swift */,
				652CF0D427E1AC100088C09F /* Main.storyboard */,
				652CF0FE27E1ACD10088C09F /* ImageCollectionCell.swift */,
				652CF10227E1D9820088C09F /* MediaCollectionCell.swift */,
				652CF11D27E967760088C09F /* StackMediaCollectionCell.swift */,
				652CF10F27E3290F0088C09F /* NibOwnerLoadable.swift */,
				652CF10B27E2D3A10088C09F /* PlayerView.swift */,
				652CF10327E1D9820088C09F /* MediaCollectionCell.xib */,
				652CF12227E9717B0088C09F /* StackMediaCollectionCell.xib */,
				652CF0FF27E1ACD10088C09F /* ImageCollectionCell.xib */,
				652CF0D727E1AC100088C09F /* Assets.xcassets */,
				652CF0D927E1AC100088C09F /* LaunchScreen.storyboard */,
				652CF0DC27E1AC100088C09F /* Info.plist */,
				652CF11827E8450D0088C09F /* FileDownloader.swift */,
			);
			path = CustomSlideShow;
			sourceTree = "<group>";
		};
		652CF0E427E1AC110088C09F /* CustomSlideShowTests */ = {
			isa = PBXGroup;
			children = (
				652CF0E527E1AC110088C09F /* CustomSlideShowTests.swift */,
			);
			path = CustomSlideShowTests;
			sourceTree = "<group>";
		};
		652CF0EE27E1AC110088C09F /* CustomSlideShowUITests */ = {
			isa = PBXGroup;
			children = (
				652CF0EF27E1AC110088C09F /* CustomSlideShowUITests.swift */,
				652CF0F127E1AC110088C09F /* CustomSlideShowUITestsLaunchTests.swift */,
			);
			path = CustomSlideShowUITests;
			sourceTree = "<group>";
		};
/* End PBXGroup section */

/* Begin PBXNativeTarget section */
		652CF0CA27E1AC100088C09F /* CustomSlideShow */ = {
			isa = PBXNativeTarget;
			buildConfigurationList = 652CF0F527E1AC110088C09F /* Build configuration list for PBXNativeTarget "CustomSlideShow" */;
			buildPhases = (
				652CF0C727E1AC100088C09F /* Sources */,
				652CF0C827E1AC100088C09F /* Frameworks */,
				652CF0C927E1AC100088C09F /* Resources */,
			);
			buildRules = (
			);
			dependencies = (
			);
			name = CustomSlideShow;
			packageProductDependencies = (
				652CF10927E2C6DA0088C09F /* SnapKit */,
				652CF11627E810450088C09F /* Schedule */,
				652CF11B27E85BC40088C09F /* SDWebImage */,
			);
			productName = CustomSlideShow;
			productReference = 652CF0CB27E1AC100088C09F /* CustomSlideShow.app */;
			productType = "com.apple.product-type.application";
		};
		652CF0E027E1AC110088C09F /* CustomSlideShowTests */ = {
			isa = PBXNativeTarget;
			buildConfigurationList = 652CF0F827E1AC110088C09F /* Build configuration list for PBXNativeTarget "CustomSlideShowTests" */;
			buildPhases = (
				652CF0DD27E1AC110088C09F /* Sources */,
				652CF0DE27E1AC110088C09F /* Frameworks */,
				652CF0DF27E1AC110088C09F /* Resources */,
			);
			buildRules = (
			);
			dependencies = (
				652CF0E327E1AC110088C09F /* PBXTargetDependency */,
			);
			name = CustomSlideShowTests;
			productName = CustomSlideShowTests;
			productReference = 652CF0E127E1AC110088C09F /* CustomSlideShowTests.xctest */;
			productType = "com.apple.product-type.bundle.unit-test";
		};
		652CF0EA27E1AC110088C09F /* CustomSlideShowUITests */ = {
			isa = PBXNativeTarget;
			buildConfigurationList = 652CF0FB27E1AC110088C09F /* Build configuration list for PBXNativeTarget "CustomSlideShowUITests" */;
			buildPhases = (
				652CF0E727E1AC110088C09F /* Sources */,
				652CF0E827E1AC110088C09F /* Frameworks */,
				652CF0E927E1AC110088C09F /* Resources */,
			);
			buildRules = (
			);
			dependencies = (
				652CF0ED27E1AC110088C09F /* PBXTargetDependency */,
			);
			name = CustomSlideShowUITests;
			productName = CustomSlideShowUITests;
			productReference = 652CF0EB27E1AC110088C09F /* CustomSlideShowUITests.xctest */;
			productType = "com.apple.product-type.bundle.ui-testing";
		};
/* End PBXNativeTarget section */

/* Begin PBXProject section */
		652CF0C327E1AC100088C09F /* Project object */ = {
			isa = PBXProject;
			attributes = {
				BuildIndependentTargetsInParallel = 1;
				LastSwiftUpdateCheck = 1320;
				LastUpgradeCheck = 1320;
				TargetAttributes = {
					652CF0CA27E1AC100088C09F = {
						CreatedOnToolsVersion = 13.2.1;
					};
					652CF0E027E1AC110088C09F = {
						CreatedOnToolsVersion = 13.2.1;
						TestTargetID = 652CF0CA27E1AC100088C09F;
					};
					652CF0EA27E1AC110088C09F = {
						CreatedOnToolsVersion = 13.2.1;
						TestTargetID = 652CF0CA27E1AC100088C09F;
					};
				};
			};
			buildConfigurationList = 652CF0C627E1AC100088C09F /* Build configuration list for PBXProject "CustomSlideShow" */;
			compatibilityVersion = "Xcode 13.0";
			developmentRegion = en;
			hasScannedForEncodings = 0;
			knownRegions = (
				en,
				Base,
			);
			mainGroup = 652CF0C227E1AC100088C09F;
			packageReferences = (
				652CF10827E2C6DA0088C09F /* XCRemoteSwiftPackageReference "SnapKit" */,
				652CF11527E810450088C09F /* XCRemoteSwiftPackageReference "Schedule" */,
				652CF11A27E85BC40088C09F /* XCRemoteSwiftPackageReference "SDWebImage" */,
			);
			productRefGroup = 652CF0CC27E1AC100088C09F /* Products */;
			projectDirPath = "";
			projectRoot = "";
			targets = (
				652CF0CA27E1AC100088C09F /* CustomSlideShow */,
				652CF0E027E1AC110088C09F /* CustomSlideShowTests */,
				652CF0EA27E1AC110088C09F /* CustomSlideShowUITests */,
			);
		};
/* End PBXProject section */

/* Begin PBXResourcesBuildPhase section */
		652CF0C927E1AC100088C09F /* Resources */ = {
			isa = PBXResourcesBuildPhase;
			buildActionMask = 2147483647;
			files = (
				652CF0DB27E1AC100088C09F /* LaunchScreen.storyboard in Resources */,
				652CF0D827E1AC100088C09F /* Assets.xcassets in Resources */,
				652CF12427E9717B0088C09F /* StackMediaCollectionCell.xib in Resources */,
				652CF0D627E1AC100088C09F /* Main.storyboard in Resources */,
				652CF10527E1D9820088C09F /* MediaCollectionCell.xib in Resources */,
				652CF10127E1ACD20088C09F /* ImageCollectionCell.xib in Resources */,
			);
			runOnlyForDeploymentPostprocessing = 0;
		};
		652CF0DF27E1AC110088C09F /* Resources */ = {
			isa = PBXResourcesBuildPhase;
			buildActionMask = 2147483647;
			files = (
			);
			runOnlyForDeploymentPostprocessing = 0;
		};
		652CF0E927E1AC110088C09F /* Resources */ = {
			isa = PBXResourcesBuildPhase;
			buildActionMask = 2147483647;
			files = (
			);
			runOnlyForDeploymentPostprocessing = 0;
		};
/* End PBXResourcesBuildPhase section */

/* Begin PBXSourcesBuildPhase section */
		652CF0C727E1AC100088C09F /* Sources */ = {
			isa = PBXSourcesBuildPhase;
			buildActionMask = 2147483647;
			files = (
				652CF0D327E1AC100088C09F /* ViewController.swift in Sources */,
				652CF11027E3290F0088C09F /* NibOwnerLoadable.swift in Sources */,
				652CF10427E1D9820088C09F /* MediaCollectionCell.swift in Sources */,
				652CF10E27E328870088C09F /* MediaSlideShow.swift in Sources */,
				652CF11E27E967760088C09F /* StackMediaCollectionCell.swift in Sources */,
				652CF11927E8450D0088C09F /* FileDownloader.swift in Sources */,
				652CF0CF27E1AC100088C09F /* AppDelegate.swift in Sources */,
				652CF11427E32BA40088C09F /* DemoVC.swift in Sources */,
				652CF10C27E2D3A10088C09F /* PlayerView.swift in Sources */,
				652CF0D127E1AC100088C09F /* SceneDelegate.swift in Sources */,
				652CF10027E1ACD20088C09F /* ImageCollectionCell.swift in Sources */,
			);
			runOnlyForDeploymentPostprocessing = 0;
		};
		652CF0DD27E1AC110088C09F /* Sources */ = {
			isa = PBXSourcesBuildPhase;
			buildActionMask = 2147483647;
			files = (
				652CF0E627E1AC110088C09F /* CustomSlideShowTests.swift in Sources */,
			);
			runOnlyForDeploymentPostprocessing = 0;
		};
		652CF0E727E1AC110088C09F /* Sources */ = {
			isa = PBXSourcesBuildPhase;
			buildActionMask = 2147483647;
			files = (
				652CF0F227E1AC110088C09F /* CustomSlideShowUITestsLaunchTests.swift in Sources */,
				652CF0F027E1AC110088C09F /* CustomSlideShowUITests.swift in Sources */,
			);
			runOnlyForDeploymentPostprocessing = 0;
		};
/* End PBXSourcesBuildPhase section */

/* Begin PBXTargetDependency section */
		652CF0E327E1AC110088C09F /* PBXTargetDependency */ = {
			isa = PBXTargetDependency;
			target = 652CF0CA27E1AC100088C09F /* CustomSlideShow */;
			targetProxy = 652CF0E227E1AC110088C09F /* PBXContainerItemProxy */;
		};
		652CF0ED27E1AC110088C09F /* PBXTargetDependency */ = {
			isa = PBXTargetDependency;
			target = 652CF0CA27E1AC100088C09F /* CustomSlideShow */;
			targetProxy = 652CF0EC27E1AC110088C09F /* PBXContainerItemProxy */;
		};
/* End PBXTargetDependency section */

/* Begin PBXVariantGroup section */
		652CF0D427E1AC100088C09F /* Main.storyboard */ = {
			isa = PBXVariantGroup;
			children = (
				652CF0D527E1AC100088C09F /* Base */,
			);
			name = Main.storyboard;
			sourceTree = "<group>";
		};
		652CF0D927E1AC100088C09F /* LaunchScreen.storyboard */ = {
			isa = PBXVariantGroup;
			children = (
				652CF0DA27E1AC100088C09F /* Base */,
			);
			name = LaunchScreen.storyboard;
			sourceTree = "<group>";
		};
/* End PBXVariantGroup section */

/* Begin XCBuildConfiguration section */
		652CF0F327E1AC110088C09F /* Debug */ = {
			isa = XCBuildConfiguration;
			buildSettings = {
				ALWAYS_SEARCH_USER_PATHS = NO;
				CLANG_ANALYZER_NONNULL = YES;
				CLANG_ANALYZER_NUMBER_OBJECT_CONVERSION = YES_AGGRESSIVE;
				CLANG_CXX_LANGUAGE_STANDARD = "gnu++17";
				CLANG_CXX_LIBRARY = "libc++";
				CLANG_ENABLE_MODULES = YES;
				CLANG_ENABLE_OBJC_ARC = YES;
				CLANG_ENABLE_OBJC_WEAK = YES;
				CLANG_WARN_BLOCK_CAPTURE_AUTORELEASING = YES;
				CLANG_WARN_BOOL_CONVERSION = YES;
				CLANG_WARN_COMMA = YES;
				CLANG_WARN_CONSTANT_CONVERSION = YES;
				CLANG_WARN_DEPRECATED_OBJC_IMPLEMENTATIONS = YES;
				CLANG_WARN_DIRECT_OBJC_ISA_USAGE = YES_ERROR;
				CLANG_WARN_DOCUMENTATION_COMMENTS = YES;
				CLANG_WARN_EMPTY_BODY = YES;
				CLANG_WARN_ENUM_CONVERSION = YES;
				CLANG_WARN_INFINITE_RECURSION = YES;
				CLANG_WARN_INT_CONVERSION = YES;
				CLANG_WARN_NON_LITERAL_NULL_CONVERSION = YES;
				CLANG_WARN_OBJC_IMPLICIT_RETAIN_SELF = YES;
				CLANG_WARN_OBJC_LITERAL_CONVERSION = YES;
				CLANG_WARN_OBJC_ROOT_CLASS = YES_ERROR;
				CLANG_WARN_QUOTED_INCLUDE_IN_FRAMEWORK_HEADER = YES;
				CLANG_WARN_RANGE_LOOP_ANALYSIS = YES;
				CLANG_WARN_STRICT_PROTOTYPES = YES;
				CLANG_WARN_SUSPICIOUS_MOVE = YES;
				CLANG_WARN_UNGUARDED_AVAILABILITY = YES_AGGRESSIVE;
				CLANG_WARN_UNREACHABLE_CODE = YES;
				CLANG_WARN__DUPLICATE_METHOD_MATCH = YES;
				COPY_PHASE_STRIP = NO;
				DEBUG_INFORMATION_FORMAT = dwarf;
				ENABLE_STRICT_OBJC_MSGSEND = YES;
				ENABLE_TESTABILITY = YES;
				GCC_C_LANGUAGE_STANDARD = gnu11;
				GCC_DYNAMIC_NO_PIC = NO;
				GCC_NO_COMMON_BLOCKS = YES;
				GCC_OPTIMIZATION_LEVEL = 0;
				GCC_PREPROCESSOR_DEFINITIONS = (
					"DEBUG=1",
					"$(inherited)",
				);
				GCC_WARN_64_TO_32_BIT_CONVERSION = YES;
				GCC_WARN_ABOUT_RETURN_TYPE = YES_ERROR;
				GCC_WARN_UNDECLARED_SELECTOR = YES;
				GCC_WARN_UNINITIALIZED_AUTOS = YES_AGGRESSIVE;
				GCC_WARN_UNUSED_FUNCTION = YES;
				GCC_WARN_UNUSED_VARIABLE = YES;
				IPHONEOS_DEPLOYMENT_TARGET = 15.2;
				MTL_ENABLE_DEBUG_INFO = INCLUDE_SOURCE;
				MTL_FAST_MATH = YES;
				ONLY_ACTIVE_ARCH = YES;
				SDKROOT = iphoneos;
				SWIFT_ACTIVE_COMPILATION_CONDITIONS = DEBUG;
				SWIFT_OPTIMIZATION_LEVEL = "-Onone";
			};
			name = Debug;
		};
		652CF0F427E1AC110088C09F /* Release */ = {
			isa = XCBuildConfiguration;
			buildSettings = {
				ALWAYS_SEARCH_USER_PATHS = NO;
				CLANG_ANALYZER_NONNULL = YES;
				CLANG_ANALYZER_NUMBER_OBJECT_CONVERSION = YES_AGGRESSIVE;
				CLANG_CXX_LANGUAGE_STANDARD = "gnu++17";
				CLANG_CXX_LIBRARY = "libc++";
				CLANG_ENABLE_MODULES = YES;
				CLANG_ENABLE_OBJC_ARC = YES;
				CLANG_ENABLE_OBJC_WEAK = YES;
				CLANG_WARN_BLOCK_CAPTURE_AUTORELEASING = YES;
				CLANG_WARN_BOOL_CONVERSION = YES;
				CLANG_WARN_COMMA = YES;
				CLANG_WARN_CONSTANT_CONVERSION = YES;
				CLANG_WARN_DEPRECATED_OBJC_IMPLEMENTATIONS = YES;
				CLANG_WARN_DIRECT_OBJC_ISA_USAGE = YES_ERROR;
				CLANG_WARN_DOCUMENTATION_COMMENTS = YES;
				CLANG_WARN_EMPTY_BODY = YES;
				CLANG_WARN_ENUM_CONVERSION = YES;
				CLANG_WARN_INFINITE_RECURSION = YES;
				CLANG_WARN_INT_CONVERSION = YES;
				CLANG_WARN_NON_LITERAL_NULL_CONVERSION = YES;
				CLANG_WARN_OBJC_IMPLICIT_RETAIN_SELF = YES;
				CLANG_WARN_OBJC_LITERAL_CONVERSION = YES;
				CLANG_WARN_OBJC_ROOT_CLASS = YES_ERROR;
				CLANG_WARN_QUOTED_INCLUDE_IN_FRAMEWORK_HEADER = YES;
				CLANG_WARN_RANGE_LOOP_ANALYSIS = YES;
				CLANG_WARN_STRICT_PROTOTYPES = YES;
				CLANG_WARN_SUSPICIOUS_MOVE = YES;
				CLANG_WARN_UNGUARDED_AVAILABILITY = YES_AGGRESSIVE;
				CLANG_WARN_UNREACHABLE_CODE = YES;
				CLANG_WARN__DUPLICATE_METHOD_MATCH = YES;
				COPY_PHASE_STRIP = NO;
				DEBUG_INFORMATION_FORMAT = "dwarf-with-dsym";
				ENABLE_NS_ASSERTIONS = NO;
				ENABLE_STRICT_OBJC_MSGSEND = YES;
				GCC_C_LANGUAGE_STANDARD = gnu11;
				GCC_NO_COMMON_BLOCKS = YES;
				GCC_WARN_64_TO_32_BIT_CONVERSION = YES;
				GCC_WARN_ABOUT_RETURN_TYPE = YES_ERROR;
				GCC_WARN_UNDECLARED_SELECTOR = YES;
				GCC_WARN_UNINITIALIZED_AUTOS = YES_AGGRESSIVE;
				GCC_WARN_UNUSED_FUNCTION = YES;
				GCC_WARN_UNUSED_VARIABLE = YES;
				IPHONEOS_DEPLOYMENT_TARGET = 15.2;
				MTL_ENABLE_DEBUG_INFO = NO;
				MTL_FAST_MATH = YES;
				SDKROOT = iphoneos;
				SWIFT_COMPILATION_MODE = wholemodule;
				SWIFT_OPTIMIZATION_LEVEL = "-O";
				VALIDATE_PRODUCT = YES;
			};
			name = Release;
		};
		652CF0F627E1AC110088C09F /* Debug */ = {
			isa = XCBuildConfiguration;
			buildSettings = {
				ASSETCATALOG_COMPILER_APPICON_NAME = AppIcon;
				ASSETCATALOG_COMPILER_GLOBAL_ACCENT_COLOR_NAME = AccentColor;
				CODE_SIGN_STYLE = Automatic;
				CURRENT_PROJECT_VERSION = 1;
				DEVELOPMENT_TEAM = YKSH4ZSDK7;
				GENERATE_INFOPLIST_FILE = YES;
				INFOPLIST_FILE = CustomSlideShow/Info.plist;
				INFOPLIST_KEY_UIApplicationSupportsIndirectInputEvents = YES;
				INFOPLIST_KEY_UILaunchStoryboardName = LaunchScreen;
				INFOPLIST_KEY_UIMainStoryboardFile = Main;
				INFOPLIST_KEY_UISupportedInterfaceOrientations_iPad = "UIInterfaceOrientationPortrait UIInterfaceOrientationPortraitUpsideDown UIInterfaceOrientationLandscapeLeft UIInterfaceOrientationLandscapeRight";
				INFOPLIST_KEY_UISupportedInterfaceOrientations_iPhone = "UIInterfaceOrientationPortrait UIInterfaceOrientationLandscapeLeft UIInterfaceOrientationLandscapeRight";
				IPHONEOS_DEPLOYMENT_TARGET = 13.6;
				LD_RUNPATH_SEARCH_PATHS = (
					"$(inherited)",
					"@executable_path/Frameworks",
				);
				MARKETING_VERSION = 1.0;
				PRODUCT_BUNDLE_IDENTIFIER = com.hostar.CustomSlideShow.CustomSlideShow;
				PRODUCT_NAME = "$(TARGET_NAME)";
				SWIFT_EMIT_LOC_STRINGS = YES;
				SWIFT_VERSION = 5.0;
				TARGETED_DEVICE_FAMILY = "1,2";
			};
			name = Debug;
		};
		652CF0F727E1AC110088C09F /* Release */ = {
			isa = XCBuildConfiguration;
			buildSettings = {
				ASSETCATALOG_COMPILER_APPICON_NAME = AppIcon;
				ASSETCATALOG_COMPILER_GLOBAL_ACCENT_COLOR_NAME = AccentColor;
				CODE_SIGN_STYLE = Automatic;
				CURRENT_PROJECT_VERSION = 1;
				DEVELOPMENT_TEAM = YKSH4ZSDK7;
				GENERATE_INFOPLIST_FILE = YES;
				INFOPLIST_FILE = CustomSlideShow/Info.plist;
				INFOPLIST_KEY_UIApplicationSupportsIndirectInputEvents = YES;
				INFOPLIST_KEY_UILaunchStoryboardName = LaunchScreen;
				INFOPLIST_KEY_UIMainStoryboardFile = Main;
				INFOPLIST_KEY_UISupportedInterfaceOrientations_iPad = "UIInterfaceOrientationPortrait UIInterfaceOrientationPortraitUpsideDown UIInterfaceOrientationLandscapeLeft UIInterfaceOrientationLandscapeRight";
				INFOPLIST_KEY_UISupportedInterfaceOrientations_iPhone = "UIInterfaceOrientationPortrait UIInterfaceOrientationLandscapeLeft UIInterfaceOrientationLandscapeRight";
				IPHONEOS_DEPLOYMENT_TARGET = 13.6;
				LD_RUNPATH_SEARCH_PATHS = (
					"$(inherited)",
					"@executable_path/Frameworks",
				);
				MARKETING_VERSION = 1.0;
				PRODUCT_BUNDLE_IDENTIFIER = com.hostar.CustomSlideShow.CustomSlideShow;
				PRODUCT_NAME = "$(TARGET_NAME)";
				SWIFT_EMIT_LOC_STRINGS = YES;
				SWIFT_VERSION = 5.0;
				TARGETED_DEVICE_FAMILY = "1,2";
			};
			name = Release;
		};
		652CF0F927E1AC110088C09F /* Debug */ = {
			isa = XCBuildConfiguration;
			buildSettings = {
				ALWAYS_EMBED_SWIFT_STANDARD_LIBRARIES = YES;
				BUNDLE_LOADER = "$(TEST_HOST)";
				CODE_SIGN_STYLE = Automatic;
				CURRENT_PROJECT_VERSION = 1;
				DEVELOPMENT_TEAM = YKSH4ZSDK7;
				GENERATE_INFOPLIST_FILE = YES;
				IPHONEOS_DEPLOYMENT_TARGET = 15.2;
				MARKETING_VERSION = 1.0;
				PRODUCT_BUNDLE_IDENTIFIER = com.hostar.CustomSlideShow.CustomSlideShowTests;
				PRODUCT_NAME = "$(TARGET_NAME)";
				SWIFT_EMIT_LOC_STRINGS = NO;
				SWIFT_VERSION = 5.0;
				TARGETED_DEVICE_FAMILY = "1,2";
				TEST_HOST = "$(BUILT_PRODUCTS_DIR)/CustomSlideShow.app/CustomSlideShow";
			};
			name = Debug;
		};
		652CF0FA27E1AC110088C09F /* Release */ = {
			isa = XCBuildConfiguration;
			buildSettings = {
				ALWAYS_EMBED_SWIFT_STANDARD_LIBRARIES = YES;
				BUNDLE_LOADER = "$(TEST_HOST)";
				CODE_SIGN_STYLE = Automatic;
				CURRENT_PROJECT_VERSION = 1;
				DEVELOPMENT_TEAM = YKSH4ZSDK7;
				GENERATE_INFOPLIST_FILE = YES;
				IPHONEOS_DEPLOYMENT_TARGET = 15.2;
				MARKETING_VERSION = 1.0;
				PRODUCT_BUNDLE_IDENTIFIER = com.hostar.CustomSlideShow.CustomSlideShowTests;
				PRODUCT_NAME = "$(TARGET_NAME)";
				SWIFT_EMIT_LOC_STRINGS = NO;
				SWIFT_VERSION = 5.0;
				TARGETED_DEVICE_FAMILY = "1,2";
				TEST_HOST = "$(BUILT_PRODUCTS_DIR)/CustomSlideShow.app/CustomSlideShow";
			};
			name = Release;
		};
		652CF0FC27E1AC110088C09F /* Debug */ = {
			isa = XCBuildConfiguration;
			buildSettings = {
				ALWAYS_EMBED_SWIFT_STANDARD_LIBRARIES = YES;
				CODE_SIGN_STYLE = Automatic;
				CURRENT_PROJECT_VERSION = 1;
				DEVELOPMENT_TEAM = YKSH4ZSDK7;
				GENERATE_INFOPLIST_FILE = YES;
				MARKETING_VERSION = 1.0;
				PRODUCT_BUNDLE_IDENTIFIER = com.hostar.CustomSlideShow.CustomSlideShowUITests;
				PRODUCT_NAME = "$(TARGET_NAME)";
				SWIFT_EMIT_LOC_STRINGS = NO;
				SWIFT_VERSION = 5.0;
				TARGETED_DEVICE_FAMILY = "1,2";
				TEST_TARGET_NAME = CustomSlideShow;
			};
			name = Debug;
		};
		652CF0FD27E1AC110088C09F /* Release */ = {
			isa = XCBuildConfiguration;
			buildSettings = {
				ALWAYS_EMBED_SWIFT_STANDARD_LIBRARIES = YES;
				CODE_SIGN_STYLE = Automatic;
				CURRENT_PROJECT_VERSION = 1;
				DEVELOPMENT_TEAM = YKSH4ZSDK7;
				GENERATE_INFOPLIST_FILE = YES;
				MARKETING_VERSION = 1.0;
				PRODUCT_BUNDLE_IDENTIFIER = com.hostar.CustomSlideShow.CustomSlideShowUITests;
				PRODUCT_NAME = "$(TARGET_NAME)";
				SWIFT_EMIT_LOC_STRINGS = NO;
				SWIFT_VERSION = 5.0;
				TARGETED_DEVICE_FAMILY = "1,2";
				TEST_TARGET_NAME = CustomSlideShow;
			};
			name = Release;
		};
/* End XCBuildConfiguration section */

/* Begin XCConfigurationList section */
		652CF0C627E1AC100088C09F /* Build configuration list for PBXProject "CustomSlideShow" */ = {
			isa = XCConfigurationList;
			buildConfigurations = (
				652CF0F327E1AC110088C09F /* Debug */,
				652CF0F427E1AC110088C09F /* Release */,
			);
			defaultConfigurationIsVisible = 0;
			defaultConfigurationName = Release;
		};
		652CF0F527E1AC110088C09F /* Build configuration list for PBXNativeTarget "CustomSlideShow" */ = {
			isa = XCConfigurationList;
			buildConfigurations = (
				652CF0F627E1AC110088C09F /* Debug */,
				652CF0F727E1AC110088C09F /* Release */,
			);
			defaultConfigurationIsVisible = 0;
			defaultConfigurationName = Release;
		};
		652CF0F827E1AC110088C09F /* Build configuration list for PBXNativeTarget "CustomSlideShowTests" */ = {
			isa = XCConfigurationList;
			buildConfigurations = (
				652CF0F927E1AC110088C09F /* Debug */,
				652CF0FA27E1AC110088C09F /* Release */,
			);
			defaultConfigurationIsVisible = 0;
			defaultConfigurationName = Release;
		};
		652CF0FB27E1AC110088C09F /* Build configuration list for PBXNativeTarget "CustomSlideShowUITests" */ = {
			isa = XCConfigurationList;
			buildConfigurations = (
				652CF0FC27E1AC110088C09F /* Debug */,
				652CF0FD27E1AC110088C09F /* Release */,
			);
			defaultConfigurationIsVisible = 0;
			defaultConfigurationName = Release;
		};
/* End XCConfigurationList section */

/* Begin XCRemoteSwiftPackageReference section */
		652CF10827E2C6DA0088C09F /* XCRemoteSwiftPackageReference "SnapKit" */ = {
			isa = XCRemoteSwiftPackageReference;
			repositoryURL = "https://github.com/SnapKit/SnapKit.git";
			requirement = {
				kind = upToNextMajorVersion;
				minimumVersion = 5.0.0;
			};
		};
		652CF11527E810450088C09F /* XCRemoteSwiftPackageReference "Schedule" */ = {
			isa = XCRemoteSwiftPackageReference;
			repositoryURL = "https://github.com/luoxiu/Schedule.git";
			requirement = {
				kind = upToNextMajorVersion;
				minimumVersion = 2.0.0;
			};
		};
		652CF11A27E85BC40088C09F /* XCRemoteSwiftPackageReference "SDWebImage" */ = {
			isa = XCRemoteSwiftPackageReference;
			repositoryURL = "https://github.com/SDWebImage/SDWebImage.git";
			requirement = {
				kind = upToNextMajorVersion;
				minimumVersion = 5.0.0;
			};
		};
/* End XCRemoteSwiftPackageReference section */

/* Begin XCSwiftPackageProductDependency section */
		652CF10927E2C6DA0088C09F /* SnapKit */ = {
			isa = XCSwiftPackageProductDependency;
			package = 652CF10827E2C6DA0088C09F /* XCRemoteSwiftPackageReference "SnapKit" */;
			productName = SnapKit;
		};
		652CF11627E810450088C09F /* Schedule */ = {
			isa = XCSwiftPackageProductDependency;
			package = 652CF11527E810450088C09F /* XCRemoteSwiftPackageReference "Schedule" */;
			productName = Schedule;
		};
		652CF11B27E85BC40088C09F /* SDWebImage */ = {
			isa = XCSwiftPackageProductDependency;
			package = 652CF11A27E85BC40088C09F /* XCRemoteSwiftPackageReference "SDWebImage" */;
			productName = SDWebImage;
		};
/* End XCSwiftPackageProductDependency section */
	};
	rootObject = 652CF0C327E1AC100088C09F /* Project object */;
}
