{
  "object": {
    "pins": [
      {
        "package": "Schedule",
        "repositoryURL": "https://github.com/luoxiu/Schedule.git",
        "state": {
          "branch": null,
          "revision": "e388fcab1d870f32c0359a414fda81b8e81b98c9",
          "version": "2.1.1"
        }
      },
      {
        "package": "SDWebImage",
        "repositoryURL": "https://github.com/SDWebImage/SDWebImage.git",
        "state": {
          "branch": null,
          "revision": "2e63d0061da449ad0ed130768d05dceb1496de44",
          "version": "5.12.5"
        }
      },
      {
        "package": "SnapKit",
        "repositoryURL": "https://github.com/SnapKit/SnapKit.git",
        "state": {
          "branch": null,
          "revision": "d458564516e5676af9c70b4f4b2a9178294f1bc6",
          "version": "5.0.1"
        }
      }
    ]
  },
  "version": 1
}
